schema: '2.0'
stages:
  data_pipeline:
    cmd: python scripts/datapipeline.py
    deps:
    - path: scripts/bluebikes_data_helpers
      hash: md5
      md5: c60abf0199676bb2c4076052d75d293b.dir
      size: 30512
      nfiles: 10
    - path: scripts/data_collection.py
      hash: md5
      md5: caf5e690154855ca2e5a9e40a790740d
      size: 4340
    - path: scripts/data_loader.py
      hash: md5
      md5: 593fcf0d5aa713211f67294001b0a39a
      size: 4237
    - path: scripts/datapipeline.py
      hash: md5
      md5: 4a93e5b6c95c917199f97bd44a13ede7
      size: 4205
    - path: scripts/duplicate_data.py
      hash: md5
      md5: a11a477ef46acbb3066ab0dfe6296b32
      size: 8077
    - path: scripts/missing_value.py
      hash: md5
      md5: d1decaa071bb06557d6fe7ebbc4bdc93
      size: 8584
    - path: scripts/school_noaa_data_collectors
      hash: md5
      md5: 13b23bc0a17c58dc91b2d49241a94b69.dir
      size: 22164
      nfiles: 6
    outs:
    - path: ../data_pipeline/data/processed
      hash: md5
      md5: 0cf44145382769c21976022d5f60f596.dir
      size: 619685578
      nfiles: 3
    - path: ../data_pipeline/data/raw
      hash: md5
      md5: e45ad57d42746896150ebc6b0473d174.dir
      size: 158883881
      nfiles: 3
    - path: ../data_pipeline/data/temp
      hash: md5
      md5: d751713988987e9331980363e24189ce.dir
      size: 0
      nfiles: 0
